
Microsoft Visual Studio Solution File, Format Version 12.00
# Visual Studio Version 16
VisualStudioVersion = 16.0.29728.190
MinimumVisualStudioVersion = 10.0.40219.1
Project("{FAE04EC0-301F-11D3-BF4B-00C04F79EFBC}") = "CaseDataExtractor", "CaseDataExtractor.csproj", "{0D11771A-B23D-48F0-B37F-6C919FD05045}"
EndProject
Global
	GlobalSection(SolutionConfigurationPlatforms) = preSolution
		Debug|Any CPU = Debug|Any CPU
		Release|Any CPU = Release|Any CPU
	EndGlobalSection
	GlobalSection(ProjectConfigurationPlatforms) = postSolution
		{0D11771A-B23D-48F0-B37F-6C919FD05045}.Debug|Any CPU.ActiveCfg = Debug|Any CPU
		{0D11771A-B23D-48F0-B37F-6C919FD05045}.Debug|Any CPU.Build.0 = Debug|Any CPU
		{0D11771A-B23D-48F0-B37F-6C919FD05045}.Release|Any CPU.ActiveCfg = Release|Any CPU
		{0D11771A-B23D-48F0-B37F-6C919FD05045}.Release|Any CPU.Build.0 = Release|Any CPU
	EndGlobalSection
	GlobalSection(SolutionProperties) = preSolution
		HideSolutionNode = FALSE
	EndGlobalSection
	GlobalSection(ExtensibilityGlobals) = postSolution
		SolutionGuid = {F4FB20B6-B9AB-4858-9036-7274C7785C1C}
	EndGlobalSection
EndGlobal
